PODS:
  - Alamofire (4.6.0)
  - SwiftSpinner (1.5.0)
  - SwiftyJSON (2.3.2)

DEPENDENCIES:
  - Alamofire (~> 4.0)
  - SwiftSpinner
  - SwiftyJSON (from `https://github.com/acegreen/SwiftyJSON.git`, branch `swift3`)

EXTERNAL SOURCES:
  SwiftyJSON:
    :branch: swift3
    :git: https://github.com/acegreen/SwiftyJSON.git

CHECKOUT OPTIONS:
  SwiftyJSON:
    :commit: 8971384559780e631b041ac91b16734a396d4c14
    :git: https://github.com/acegreen/SwiftyJSON.git

SPEC CHECKSUMS:
  Alamofire: f41a599bd63041760b26d393ec1069d9d7b917f4
  SwiftSpinner: 4c058c7a1d6b444dd2e1d70988ead40783097133
  SwiftyJSON: 04ccea08915aa0109039157c7974cf0298da292a

PODFILE CHECKSUM: 3653aca28dd5607b299e8f5dd9baabf7a1182976

COCOAPODS: 1.1.1
