// !$*UTF8*$!
{
	archiveVersion = 1;
	classes = {
	};
	objectVersion = 48;
	objects = {

/* Begin PBXBuildFile section */
		520F226C5DF4043C78380E93 /* Pods_PruebaDomicilios.framework in Frameworks */ = {isa = PBXBuildFile; fileRef = 73A421CBF1A51A9D6C180BB7 /* Pods_PruebaDomicilios.framework */; };
		DEA8D6B020803DBF00CAB8F6 /* AppDelegate.swift in Sources */ = {isa = PBXBuildFile; fileRef = DEA8D6AF20803DBF00CAB8F6 /* AppDelegate.swift */; };
		DEA8D6B220803DBF00CAB8F6 /* ViewController.swift in Sources */ = {isa = PBXBuildFile; fileRef = DEA8D6B120803DBF00CAB8F6 /* ViewController.swift */; };
		DEA8D6B520803DBF00CAB8F6 /* Main.storyboard in Resources */ = {isa = PBXBuildFile; fileRef = DEA8D6B320803DBF00CAB8F6 /* Main.storyboard */; };
		DEA8D6B720803DBF00CAB8F6 /* Assets.xcassets in Resources */ = {isa = PBXBuildFile; fileRef = DEA8D6B620803DBF00CAB8F6 /* Assets.xcassets */; };
		DEA8D6BA20803DBF00CAB8F6 /* LaunchScreen.storyboard in Resources */ = {isa = PBXBuildFile; fileRef = DEA8D6B820803DBF00CAB8F6 /* LaunchScreen.storyboard */; };
/* End PBXBuildFile section */

/* Begin PBXFileReference section */
		73A421CBF1A51A9D6C180BB7 /* Pods_PruebaDomicilios.framework */ = {isa = PBXFileReference; explicitFileType = wrapper.framework; includeInIndex = 0; path = Pods_PruebaDomicilios.framework; sourceTree = BUILT_PRODUCTS_DIR; };
		C76653E5BCC55D53DCB1E0F8 /* Pods-PruebaDomicilios.debug.xcconfig */ = {isa = PBXFileReference; includeInIndex = 1; lastKnownFileType = text.xcconfig; name = "Pods-PruebaDomicilios.debug.xcconfig"; path = "Pods/Target Support Files/Pods-PruebaDomicilios/Pods-PruebaDomicilios.debug.xcconfig"; sourceTree = "<group>"; };
		DEA8D6AC20803DBF00CAB8F6 /* PruebaDomicilios.app */ = {isa = PBXFileReference; explicitFileType = wrapper.application; includeInIndex = 0; path = PruebaDomicilios.app; sourceTree = BUILT_PRODUCTS_DIR; };
		DEA8D6AF20803DBF00CAB8F6 /* AppDelegate.swift */ = {isa = PBXFileReference; lastKnownFileType = sourcecode.swift; path = AppDelegate.swift; sourceTree = "<group>"; };
		DEA8D6B120803DBF00CAB8F6 /* ViewController.swift */ = {isa = PBXFileReference; lastKnownFileType = sourcecode.swift; path = ViewController.swift; sourceTree = "<group>"; };
		DEA8D6B420803DBF00CAB8F6 /* Base */ = {isa = PBXFileReference; lastKnownFileType = file.storyboard; name = Base; path = Base.lproj/Main.storyboard; sourceTree = "<group>"; };
		DEA8D6B620803DBF00CAB8F6 /* Assets.xcassets */ = {isa = PBXFileReference; lastKnownFileType = folder.assetcatalog; path = Assets.xcassets; sourceTree = "<group>"; };
		DEA8D6B920803DBF00CAB8F6 /* Base */ = {isa = PBXFileReference; lastKnownFileType = file.storyboard; name = Base; path = Base.lproj/LaunchScreen.storyboard; sourceTree = "<group>"; };
		DEA8D6BB20803DBF00CAB8F6 /* Info.plist */ = {isa = PBXFileReference; lastKnownFileType = text.plist.xml; path = Info.plist; sourceTree = "<group>"; };
		EDD7893737D77D9C5B4EFD14 /* Pods-PruebaDomicilios.release.xcconfig */ = {isa = PBXFileReference; includeInIndex = 1; lastKnownFileType = text.xcconfig; name = "Pods-PruebaDomicilios.release.xcconfig"; path = "Pods/Target Support Files/Pods-PruebaDomicilios/Pods-PruebaDomicilios.release.xcconfig"; sourceTree = "<group>"; };
/* End PBXFileReference section */

/* Begin PBXFrameworksBuildPhase section */
		DEA8D6A920803DBF00CAB8F6 /* Frameworks */ = {
			isa = PBXFrameworksBuildPhase;
			buildActionMask = 2147483647;
			files = (
				520F226C5DF4043C78380E93 /* Pods_PruebaDomicilios.framework in Frameworks */,
			);
			runOnlyForDeploymentPostprocessing = 0;
		};
/* End PBXFrameworksBuildPhase section */

/* Begin PBXGroup section */
		2B29F6991953D03EE51249B2 /* Pods */ = {
			isa = PBXGroup;
			children = (
				C76653E5BCC55D53DCB1E0F8 /* Pods-PruebaDomicilios.debug.xcconfig */,
				EDD7893737D77D9C5B4EFD14 /* Pods-PruebaDomicilios.release.xcconfig */,
			);
			name = Pods;
			sourceTree = "<group>";
		};
		9B5AF39689512456723A18DE /* Frameworks */ = {
			isa = PBXGroup;
			children = (
				73A421CBF1A51A9D6C180BB7 /* Pods_PruebaDomicilios.framework */,
			);
			name = Frameworks;
			sourceTree = "<group>";
		};
		DEA8D6A320803DBF00CAB8F6 = {
			isa = PBXGroup;
			children = (
				DEA8D6AE20803DBF00CAB8F6 /* PruebaDomicilios */,
				DEA8D6AD20803DBF00CAB8F6 /* Products */,
				2B29F6991953D03EE51249B2 /* Pods */,
				9B5AF39689512456723A18DE /* Frameworks */,
			);
			sourceTree = "<group>";
		};
		DEA8D6AD20803DBF00CAB8F6 /* Products */ = {
			isa = PBXGroup;
			children = (
				DEA8D6AC20803DBF00CAB8F6 /* PruebaDomicilios.app */,
			);
			name = Products;
			sourceTree = "<group>";
		};
		DEA8D6AE20803DBF00CAB8F6 /* PruebaDomicilios */ = {
			isa = PBXGroup;
			children = (
				DEA8D6AF20803DBF00CAB8F6 /* AppDelegate.swift */,
				DEA8D6B120803DBF00CAB8F6 /* ViewController.swift */,
				DEA8D6B320803DBF00CAB8F6 /* Main.storyboard */,
				DEA8D6B620803DBF00CAB8F6 /* Assets.xcassets */,
				DEA8D6B820803DBF00CAB8F6 /* LaunchScreen.storyboard */,
				DEA8D6BB20803DBF00CAB8F6 /* Info.plist */,
			);
			path = PruebaDomicilios;
			sourceTree = "<group>";
		};
/* End PBXGroup section */

/* Begin PBXNativeTarget section */
		DEA8D6AB20803DBF00CAB8F6 /* PruebaDomicilios */ = {
			isa = PBXNativeTarget;
			buildConfigurationList = DEA8D6BE20803DBF00CAB8F6 /* Build configuration list for PBXNativeTarget "PruebaDomicilios" */;
			buildPhases = (
				7C40AF91241199EE80404FF4 /* [CP] Check Pods Manifest.lock */,
				DEA8D6A820803DBF00CAB8F6 /* Sources */,
				DEA8D6A920803DBF00CAB8F6 /* Frameworks */,
				DEA8D6AA20803DBF00CAB8F6 /* Resources */,
				2B5177484ADA7174C6EB6CED /* [CP] Embed Pods Frameworks */,
				FA9F399070F1B9D069A0F64A /* [CP] Copy Pods Resources */,
			);
			buildRules = (
			);
			dependencies = (
			);
			name = PruebaDomicilios;
			productName = PruebaDomicilios;
			productReference = DEA8D6AC20803DBF00CAB8F6 /* PruebaDomicilios.app */;
			productType = "com.apple.product-type.application";
		};
/* End PBXNativeTarget section */

/* Begin PBXProject section */
		DEA8D6A420803DBF00CAB8F6 /* Project object */ = {
			isa = PBXProject;
			attributes = {
				LastSwiftUpdateCheck = 0920;
				LastUpgradeCheck = 0920;
				ORGANIZATIONNAME = Craneatic;
				TargetAttributes = {
					DEA8D6AB20803DBF00CAB8F6 = {
						CreatedOnToolsVersion = 9.2;
						ProvisioningStyle = Automatic;
					};
				};
			};
			buildConfigurationList = DEA8D6A720803DBF00CAB8F6 /* Build configuration list for PBXProject "PruebaDomicilios" */;
			compatibilityVersion = "Xcode 8.0";
			developmentRegion = en;
			hasScannedForEncodings = 0;
			knownRegions = (
				en,
				Base,
			);
			mainGroup = DEA8D6A320803DBF00CAB8F6;
			productRefGroup = DEA8D6AD20803DBF00CAB8F6 /* Products */;
			projectDirPath = "";
			projectRoot = "";
			targets = (
				DEA8D6AB20803DBF00CAB8F6 /* PruebaDomicilios */,
			);
		};
/* End PBXProject section */

/* Begin PBXResourcesBuildPhase section */
		DEA8D6AA20803DBF00CAB8F6 /* Resources */ = {
			isa = PBXResourcesBuildPhase;
			buildActionMask = 2147483647;
			files = (
				DEA8D6BA20803DBF00CAB8F6 /* LaunchScreen.storyboard in Resources */,
				DEA8D6B720803DBF00CAB8F6 /* Assets.xcassets in Resources */,
				DEA8D6B520803DBF00CAB8F6 /* Main.storyboard in Resources */,
			);
			runOnlyForDeploymentPostprocessing = 0;
		};
/* End PBXResourcesBuildPhase section */

/* Begin PBXShellScriptBuildPhase section */
		2B5177484ADA7174C6EB6CED /* [CP] Embed Pods Frameworks */ = {
			isa = PBXShellScriptBuildPhase;
			buildActionMask = 2147483647;
			files = (
			);
			inputPaths = (
			);
			name = "[CP] Embed Pods Frameworks";
			outputPaths = (
			);
			runOnlyForDeploymentPostprocessing = 0;
			shellPath = /bin/sh;
			shellScript = "\"${SRCROOT}/Pods/Target Support Files/Pods-PruebaDomicilios/Pods-PruebaDomicilios-frameworks.sh\"\n";
			showEnvVarsInLog = 0;
		};
		7C40AF91241199EE80404FF4 /* [CP] Check Pods Manifest.lock */ = {
			isa = PBXShellScriptBuildPhase;
			buildActionMask = 2147483647;
			files = (
			);
			inputPaths = (
			);
			name = "[CP] Check Pods Manifest.lock";
			outputPaths = (
			);
			runOnlyForDeploymentPostprocessing = 0;
			shellPath = /bin/sh;
			shellScript = "diff \"${PODS_ROOT}/../Podfile.lock\" \"${PODS_ROOT}/Manifest.lock\" > /dev/null\nif [ $? != 0 ] ; then\n    # print error to STDERR\n    echo \"error: The sandbox is not in sync with the Podfile.lock. Run 'pod install' or update your CocoaPods installation.\" >&2\n    exit 1\nfi\n";
			showEnvVarsInLog = 0;
		};
		FA9F399070F1B9D069A0F64A /* [CP] Copy Pods Resources */ = {
			isa = PBXShellScriptBuildPhase;
			buildActionMask = 2147483647;
			files = (
			);
			inputPaths = (
			);
			name = "[CP] Copy Pods Resources";
			outputPaths = (
			);
			runOnlyForDeploymentPostprocessing = 0;
			shellPath = /bin/sh;
			shellScript = "\"${SRCROOT}/Pods/Target Support Files/Pods-PruebaDomicilios/Pods-PruebaDomicilios-resources.sh\"\n";
			showEnvVarsInLog = 0;
		};
/* End PBXShellScriptBuildPhase section */

/* Begin PBXSourcesBuildPhase section */
		DEA8D6A820803DBF00CAB8F6 /* Sources */ = {
			isa = PBXSourcesBuildPhase;
			buildActionMask = 2147483647;
			files = (
				DEA8D6B220803DBF00CAB8F6 /* ViewController.swift in Sources */,
				DEA8D6B020803DBF00CAB8F6 /* AppDelegate.swift in Sources */,
			);
			runOnlyForDeploymentPostprocessing = 0;
		};
/* End PBXSourcesBuildPhase section */

/* Begin PBXVariantGroup section */
		DEA8D6B320803DBF00CAB8F6 /* Main.storyboard */ = {
			isa = PBXVariantGroup;
			children = (
				DEA8D6B420803DBF00CAB8F6 /* Base */,
			);
			name = Main.storyboard;
			sourceTree = "<group>";
		};
		DEA8D6B820803DBF00CAB8F6 /* LaunchScreen.storyboard */ = {
			isa = PBXVariantGroup;
			children = (
				DEA8D6B920803DBF00CAB8F6 /* Base */,
			);
			name = LaunchScreen.storyboard;
			sourceTree = "<group>";
		};
/* End PBXVariantGroup section */

/* Begin XCBuildConfiguration section */
		DEA8D6BC20803DBF00CAB8F6 /* Debug */ = {
			isa = XCBuildConfiguration;
			buildSettings = {
				ALWAYS_SEARCH_USER_PATHS = NO;
				CLANG_ANALYZER_NONNULL = YES;
				CLANG_ANALYZER_NUMBER_OBJECT_CONVERSION = YES_AGGRESSIVE;
				CLANG_CXX_LANGUAGE_STANDARD = "gnu++14";
				CLANG_CXX_LIBRARY = "libc++";
				CLANG_ENABLE_MODULES = YES;
				CLANG_ENABLE_OBJC_ARC = YES;
				CLANG_WARN_BLOCK_CAPTURE_AUTORELEASING = YES;
				CLANG_WARN_BOOL_CONVERSION = YES;
				CLANG_WARN_COMMA = YES;
				CLANG_WARN_CONSTANT_CONVERSION = YES;
				CLANG_WARN_DIRECT_OBJC_ISA_USAGE = YES_ERROR;
				CLANG_WARN_DOCUMENTATION_COMMENTS = YES;
				CLANG_WARN_EMPTY_BODY = YES;
				CLANG_WARN_ENUM_CONVERSION = YES;
				CLANG_WARN_INFINITE_RECURSION = YES;
				CLANG_WARN_INT_CONVERSION = YES;
				CLANG_WARN_NON_LITERAL_NULL_CONVERSION = YES;
				CLANG_WARN_OBJC_LITERAL_CONVERSION = YES;
				CLANG_WARN_OBJC_ROOT_CLASS = YES_ERROR;
				CLANG_WARN_RANGE_LOOP_ANALYSIS = YES;
				CLANG_WARN_STRICT_PROTOTYPES = YES;
				CLANG_WARN_SUSPICIOUS_MOVE = YES;
				CLANG_WARN_UNGUARDED_AVAILABILITY = YES_AGGRESSIVE;
				CLANG_WARN_UNREACHABLE_CODE = YES;
				CLANG_WARN__DUPLICATE_METHOD_MATCH = YES;
				CODE_SIGN_IDENTITY = "iPhone Developer";
				COPY_PHASE_STRIP = NO;
				DEBUG_INFORMATION_FORMAT = dwarf;
				ENABLE_STRICT_OBJC_MSGSEND = YES;
				ENABLE_TESTABILITY = YES;
				GCC_C_LANGUAGE_STANDARD = gnu11;
				GCC_DYNAMIC_NO_PIC = NO;
				GCC_NO_COMMON_BLOCKS = YES;
				GCC_OPTIMIZATION_LEVEL = 0;
				GCC_PREPROCESSOR_DEFINITIONS = (
					"DEBUG=1",
					"$(inherited)",
				);
				GCC_WARN_64_TO_32_BIT_CONVERSION = YES;
				GCC_WARN_ABOUT_RETURN_TYPE = YES_ERROR;
				GCC_WARN_UNDECLARED_SELECTOR = YES;
				GCC_WARN_UNINITIALIZED_AUTOS = YES_AGGRESSIVE;
				GCC_WARN_UNUSED_FUNCTION = YES;
				GCC_WARN_UNUSED_VARIABLE = YES;
				IPHONEOS_DEPLOYMENT_TARGET = 11.2;
				MTL_ENABLE_DEBUG_INFO = YES;
				ONLY_ACTIVE_ARCH = YES;
				SDKROOT = iphoneos;
				SWIFT_ACTIVE_COMPILATION_CONDITIONS = DEBUG;
				SWIFT_OPTIMIZATION_LEVEL = "-Onone";
			};
			name = Debug;
		};
		DEA8D6BD20803DBF00CAB8F6 /* Release */ = {
			isa = XCBuildConfiguration;
			buildSettings = {
				ALWAYS_SEARCH_USER_PATHS = NO;
				CLANG_ANALYZER_NONNULL = YES;
				CLANG_ANALYZER_NUMBER_OBJECT_CONVERSION = YES_AGGRESSIVE;
				CLANG_CXX_LANGUAGE_STANDARD = "gnu++14";
				CLANG_CXX_LIBRARY = "libc++";
				CLANG_ENABLE_MODULES = YES;
				CLANG_ENABLE_OBJC_ARC = YES;
				CLANG_WARN_BLOCK_CAPTURE_AUTORELEASING = YES;
				CLANG_WARN_BOOL_CONVERSION = YES;
				CLANG_WARN_COMMA = YES;
				CLANG_WARN_CONSTANT_CONVERSION = YES;
				CLANG_WARN_DIRECT_OBJC_ISA_USAGE = YES_ERROR;
				CLANG_WARN_DOCUMENTATION_COMMENTS = YES;
				CLANG_WARN_EMPTY_BODY = YES;
				CLANG_WARN_ENUM_CONVERSION = YES;
				CLANG_WARN_INFINITE_RECURSION = YES;
				CLANG_WARN_INT_CONVERSION = YES;
				CLANG_WARN_NON_LITERAL_NULL_CONVERSION = YES;
				CLANG_WARN_OBJC_LITERAL_CONVERSION = YES;
				CLANG_WARN_OBJC_ROOT_CLASS = YES_ERROR;
				CLANG_WARN_RANGE_LOOP_ANALYSIS = YES;
				CLANG_WARN_STRICT_PROTOTYPES = YES;
				CLANG_WARN_SUSPICIOUS_MOVE = YES;
				CLANG_WARN_UNGUARDED_AVAILABILITY = YES_AGGRESSIVE;
				CLANG_WARN_UNREACHABLE_CODE = YES;
				CLANG_WARN__DUPLICATE_METHOD_MATCH = YES;
				CODE_SIGN_IDENTITY = "iPhone Developer";
				COPY_PHASE_STRIP = NO;
				DEBUG_INFORMATION_FORMAT = "dwarf-with-dsym";
				ENABLE_NS_ASSERTIONS = NO;
				ENABLE_STRICT_OBJC_MSGSEND = YES;
				GCC_C_LANGUAGE_STANDARD = gnu11;
				GCC_NO_COMMON_BLOCKS = YES;
				GCC_WARN_64_TO_32_BIT_CONVERSION = YES;
				GCC_WARN_ABOUT_RETURN_TYPE = YES_ERROR;
				GCC_WARN_UNDECLARED_SELECTOR = YES;
				GCC_WARN_UNINITIALIZED_AUTOS = YES_AGGRESSIVE;
				GCC_WARN_UNUSED_FUNCTION = YES;
				GCC_WARN_UNUSED_VARIABLE = YES;
				IPHONEOS_DEPLOYMENT_TARGET = 11.2;
				MTL_ENABLE_DEBUG_INFO = NO;
				SDKROOT = iphoneos;
				SWIFT_OPTIMIZATION_LEVEL = "-Owholemodule";
				VALIDATE_PRODUCT = YES;
			};
			name = Release;
		};
		DEA8D6BF20803DBF00CAB8F6 /* Debug */ = {
			isa = XCBuildConfiguration;
			baseConfigurationReference = C76653E5BCC55D53DCB1E0F8 /* Pods-PruebaDomicilios.debug.xcconfig */;
			buildSettings = {
				ASSETCATALOG_COMPILER_APPICON_NAME = AppIcon;
				CODE_SIGN_STYLE = Automatic;
				DEVELOPMENT_TEAM = JANL22TX3K;
				INFOPLIST_FILE = PruebaDomicilios/Info.plist;
				IPHONEOS_DEPLOYMENT_TARGET = 1;
				LD_RUNPATH_SEARCH_PATHS = "$(inherited) @executable_path/Frameworks";
				PRODUCT_BUNDLE_IDENTIFIER = com.craneatic.PruebaDomicilios;
				PRODUCT_NAME = "$(TARGET_NAME)";
				SWIFT_VERSION = 4.0;
				TARGETED_DEVICE_FAMILY = "1,2";
			};
			name = Debug;
		};
		DEA8D6C020803DBF00CAB8F6 /* Release */ = {
			isa = XCBuildConfiguration;
			baseConfigurationReference = EDD7893737D77D9C5B4EFD14 /* Pods-PruebaDomicilios.release.xcconfig */;
			buildSettings = {
				ASSETCATALOG_COMPILER_APPICON_NAME = AppIcon;
				CODE_SIGN_STYLE = Automatic;
				DEVELOPMENT_TEAM = JANL22TX3K;
				INFOPLIST_FILE = PruebaDomicilios/Info.plist;
				IPHONEOS_DEPLOYMENT_TARGET = 1;
				LD_RUNPATH_SEARCH_PATHS = "$(inherited) @executable_path/Frameworks";
				PRODUCT_BUNDLE_IDENTIFIER = com.craneatic.PruebaDomicilios;
				PRODUCT_NAME = "$(TARGET_NAME)";
				SWIFT_VERSION = 4.0;
				TARGETED_DEVICE_FAMILY = "1,2";
			};
			name = Release;
		};
/* End XCBuildConfiguration section */

/* Begin XCConfigurationList section */
		DEA8D6A720803DBF00CAB8F6 /* Build configuration list for PBXProject "PruebaDomicilios" */ = {
			isa = XCConfigurationList;
			buildConfigurations = (
				DEA8D6BC20803DBF00CAB8F6 /* Debug */,
				DEA8D6BD20803DBF00CAB8F6 /* Release */,
			);
			defaultConfigurationIsVisible = 0;
			defaultConfigurationName = Release;
		};
		DEA8D6BE20803DBF00CAB8F6 /* Build configuration list for PBXNativeTarget "PruebaDomicilios" */ = {
			isa = XCConfigurationList;
			buildConfigurations = (
				DEA8D6BF20803DBF00CAB8F6 /* Debug */,
				DEA8D6C020803DBF00CAB8F6 /* Release */,
			);
			defaultConfigurationIsVisible = 0;
			defaultConfigurationName = Release;
		};
/* End XCConfigurationList section */
	};
	rootObject = DEA8D6A420803DBF00CAB8F6 /* Project object */;
}
